// !$*UTF8*$!
{
	archiveVersion = 1;
	classes = {
	};
	objectVersion = 48;
	objects = {

/* Begin PBXBuildFile section */
		A7A59A66EDBC32A85164F184 /* Pods_ASBasicUIAnimation.framework in Frameworks */ = {isa = PBXBuildFile; fileRef = C28728B27FC3E18D8E3EAF7A /* Pods_ASBasicUIAnimation.framework */; };
		E8B029331F77C5050004A345 /* AppDelegate.m in Sources */ = {isa = PBXBuildFile; fileRef = E8B029321F77C5050004A345 /* AppDelegate.m */; };
		E8B029361F77C5050004A345 /* ViewController.m in Sources */ = {isa = PBXBuildFile; fileRef = E8B029351F77C5050004A345 /* ViewController.m */; };
		E8B029391F77C5050004A345 /* Main.storyboard in Resources */ = {isa = PBXBuildFile; fileRef = E8B029371F77C5050004A345 /* Main.storyboard */; };
		E8B0293B1F77C5050004A345 /* Assets.xcassets in Resources */ = {isa = PBXBuildFile; fileRef = E8B0293A1F77C5050004A345 /* Assets.xcassets */; };
		E8B0293E1F77C5050004A345 /* LaunchScreen.storyboard in Resources */ = {isa = PBXBuildFile; fileRef = E8B0293C1F77C5050004A345 /* LaunchScreen.storyboard */; };
		E8B029411F77C5050004A345 /* main.m in Sources */ = {isa = PBXBuildFile; fileRef = E8B029401F77C5050004A345 /* main.m */; };
/* End PBXBuildFile section */

/* Begin PBXFileReference section */
		C28728B27FC3E18D8E3EAF7A /* Pods_ASBasicUIAnimation.framework */ = {isa = PBXFileReference; explicitFileType = wrapper.framework; includeInIndex = 0; path = Pods_ASBasicUIAnimation.framework; sourceTree = BUILT_PRODUCTS_DIR; };
		D6528C98355498E5E1147CEA /* Pods-ASBasicUIAnimation.debug.xcconfig */ = {isa = PBXFileReference; includeInIndex = 1; lastKnownFileType = text.xcconfig; name = "Pods-ASBasicUIAnimation.debug.xcconfig"; path = "Pods/Target Support Files/Pods-ASBasicUIAnimation/Pods-ASBasicUIAnimation.debug.xcconfig"; sourceTree = "<group>"; };
		E8B0292E1F77C5050004A345 /* ASBasicUIAnimation.app */ = {isa = PBXFileReference; explicitFileType = wrapper.application; includeInIndex = 0; path = ASBasicUIAnimation.app; sourceTree = BUILT_PRODUCTS_DIR; };
		E8B029311F77C5050004A345 /* AppDelegate.h */ = {isa = PBXFileReference; lastKnownFileType = sourcecode.c.h; path = AppDelegate.h; sourceTree = "<group>"; };
		E8B029321F77C5050004A345 /* AppDelegate.m */ = {isa = PBXFileReference; lastKnownFileType = sourcecode.c.objc; path = AppDelegate.m; sourceTree = "<group>"; };
		E8B029341F77C5050004A345 /* ViewController.h */ = {isa = PBXFileReference; lastKnownFileType = sourcecode.c.h; path = ViewController.h; sourceTree = "<group>"; };
		E8B029351F77C5050004A345 /* ViewController.m */ = {isa = PBXFileReference; lastKnownFileType = sourcecode.c.objc; path = ViewController.m; sourceTree = "<group>"; };
		E8B029381F77C5050004A345 /* Base */ = {isa = PBXFileReference; lastKnownFileType = file.storyboard; name = Base; path = Base.lproj/Main.storyboard; sourceTree = "<group>"; };
		E8B0293A1F77C5050004A345 /* Assets.xcassets */ = {isa = PBXFileReference; lastKnownFileType = folder.assetcatalog; path = Assets.xcassets; sourceTree = "<group>"; };
		E8B0293D1F77C5050004A345 /* Base */ = {isa = PBXFileReference; lastKnownFileType = file.storyboard; name = Base; path = Base.lproj/LaunchScreen.storyboard; sourceTree = "<group>"; };
		E8B0293F1F77C5050004A345 /* Info.plist */ = {isa = PBXFileReference; lastKnownFileType = text.plist.xml; path = Info.plist; sourceTree = "<group>"; };
		E8B029401F77C5050004A345 /* main.m */ = {isa = PBXFileReference; lastKnownFileType = sourcecode.c.objc; path = main.m; sourceTree = "<group>"; };
		EC7C839EBD16651119C4E01A /* Pods-ASBasicUIAnimation.release.xcconfig */ = {isa = PBXFileReference; includeInIndex = 1; lastKnownFileType = text.xcconfig; name = "Pods-ASBasicUIAnimation.release.xcconfig"; path = "Pods/Target Support Files/Pods-ASBasicUIAnimation/Pods-ASBasicUIAnimation.release.xcconfig"; sourceTree = "<group>"; };
/* End PBXFileReference section */

/* Begin PBXFrameworksBuildPhase section */
		E8B0292B1F77C5050004A345 /* Frameworks */ = {
			isa = PBXFrameworksBuildPhase;
			buildActionMask = 2147483647;
			files = (
				A7A59A66EDBC32A85164F184 /* Pods_ASBasicUIAnimation.framework in Frameworks */,
			);
			runOnlyForDeploymentPostprocessing = 0;
		};
/* End PBXFrameworksBuildPhase section */

/* Begin PBXGroup section */
		968F909ABE0D72895553A21F /* Frameworks */ = {
			isa = PBXGroup;
			children = (
				C28728B27FC3E18D8E3EAF7A /* Pods_ASBasicUIAnimation.framework */,
			);
			name = Frameworks;
			sourceTree = "<group>";
		};
		B785D91C939F153273BC58BE /* Pods */ = {
			isa = PBXGroup;
			children = (
				D6528C98355498E5E1147CEA /* Pods-ASBasicUIAnimation.debug.xcconfig */,
				EC7C839EBD16651119C4E01A /* Pods-ASBasicUIAnimation.release.xcconfig */,
			);
			name = Pods;
			sourceTree = "<group>";
		};
		E8B029251F77C5050004A345 = {
			isa = PBXGroup;
			children = (
				E8B029301F77C5050004A345 /* ASBasicUIAnimation */,
				E8B0292F1F77C5050004A345 /* Products */,
				B785D91C939F153273BC58BE /* Pods */,
				968F909ABE0D72895553A21F /* Frameworks */,
			);
			sourceTree = "<group>";
		};
		E8B0292F1F77C5050004A345 /* Products */ = {
			isa = PBXGroup;
			children = (
				E8B0292E1F77C5050004A345 /* ASBasicUIAnimation.app */,
			);
			name = Products;
			sourceTree = "<group>";
		};
		E8B029301F77C5050004A345 /* ASBasicUIAnimation */ = {
			isa = PBXGroup;
			children = (
				E8B029311F77C5050004A345 /* AppDelegate.h */,
				E8B029321F77C5050004A345 /* AppDelegate.m */,
				E8B029341F77C5050004A345 /* ViewController.h */,
				E8B029351F77C5050004A345 /* ViewController.m */,
				E8B029371F77C5050004A345 /* Main.storyboard */,
				E8B0293A1F77C5050004A345 /* Assets.xcassets */,
				E8B0293C1F77C5050004A345 /* LaunchScreen.storyboard */,
				E8B0293F1F77C5050004A345 /* Info.plist */,
				E8B029401F77C5050004A345 /* main.m */,
			);
			path = ASBasicUIAnimation;
			sourceTree = "<group>";
		};
/* End PBXGroup section */

/* Begin PBXNativeTarget section */
		E8B0292D1F77C5050004A345 /* ASBasicUIAnimation */ = {
			isa = PBXNativeTarget;
			buildConfigurationList = E8B029441F77C5050004A345 /* Build configuration list for PBXNativeTarget "ASBasicUIAnimation" */;
			buildPhases = (
				AEC338E1354E1B430E780FBB /* [CP] Check Pods Manifest.lock */,
				E8B0292A1F77C5050004A345 /* Sources */,
				E8B0292B1F77C5050004A345 /* Frameworks */,
				E8B0292C1F77C5050004A345 /* Resources */,
				4BD9EF42B2384D358C67BEB7 /* [CP] Embed Pods Frameworks */,
				C4123816B33705264C3B9F67 /* [CP] Copy Pods Resources */,
			);
			buildRules = (
			);
			dependencies = (
			);
			name = ASBasicUIAnimation;
			productName = ASBasicUIAnimation;
			productReference = E8B0292E1F77C5050004A345 /* ASBasicUIAnimation.app */;
			productType = "com.apple.product-type.application";
		};
/* End PBXNativeTarget section */

/* Begin PBXProject section */
		E8B029261F77C5050004A345 /* Project object */ = {
			isa = PBXProject;
			attributes = {
				LastUpgradeCheck = 0900;
				ORGANIZATIONNAME = zkhCreator;
				TargetAttributes = {
					E8B0292D1F77C5050004A345 = {
						CreatedOnToolsVersion = 9.0;
						ProvisioningStyle = Automatic;
					};
				};
			};
			buildConfigurationList = E8B029291F77C5050004A345 /* Build configuration list for PBXProject "ASBasicUIAnimation" */;
			compatibilityVersion = "Xcode 8.0";
			developmentRegion = en;
			hasScannedForEncodings = 0;
			knownRegions = (
				en,
				Base,
			);
			mainGroup = E8B029251F77C5050004A345;
			productRefGroup = E8B0292F1F77C5050004A345 /* Products */;
			projectDirPath = "";
			projectRoot = "";
			targets = (
				E8B0292D1F77C5050004A345 /* ASBasicUIAnimation */,
			);
		};
/* End PBXProject section */

/* Begin PBXResourcesBuildPhase section */
		E8B0292C1F77C5050004A345 /* Resources */ = {
			isa = PBXResourcesBuildPhase;
			buildActionMask = 2147483647;
			files = (
				E8B0293E1F77C5050004A345 /* LaunchScreen.storyboard in Resources */,
				E8B0293B1F77C5050004A345 /* Assets.xcassets in Resources */,
				E8B029391F77C5050004A345 /* Main.storyboard in Resources */,
			);
			runOnlyForDeploymentPostprocessing = 0;
		};
/* End PBXResourcesBuildPhase section */

/* Begin PBXShellScriptBuildPhase section */
		4BD9EF42B2384D358C67BEB7 /* [CP] Embed Pods Frameworks */ = {
			isa = PBXShellScriptBuildPhase;
			buildActionMask = 2147483647;
			files = (
			);
			inputPaths = (
				"${SRCROOT}/Pods/Target Support Files/Pods-ASBasicUIAnimation/Pods-ASBasicUIAnimation-frameworks.sh",
				"${BUILT_PRODUCTS_DIR}/ReactiveCocoa/ReactiveCocoa.framework",
				"${BUILT_PRODUCTS_DIR}/ReactiveSwift/ReactiveSwift.framework",
				"${BUILT_PRODUCTS_DIR}/Result/Result.framework",
			);
			name = "[CP] Embed Pods Frameworks";
			outputPaths = (
				"${TARGET_BUILD_DIR}/${FRAMEWORKS_FOLDER_PATH}/ReactiveCocoa.framework",
				"${TARGET_BUILD_DIR}/${FRAMEWORKS_FOLDER_PATH}/ReactiveSwift.framework",
				"${TARGET_BUILD_DIR}/${FRAMEWORKS_FOLDER_PATH}/Result.framework",
			);
			runOnlyForDeploymentPostprocessing = 0;
			shellPath = /bin/sh;
			shellScript = "\"${SRCROOT}/Pods/Target Support Files/Pods-ASBasicUIAnimation/Pods-ASBasicUIAnimation-frameworks.sh\"\n";
			showEnvVarsInLog = 0;
		};
		AEC338E1354E1B430E780FBB /* [CP] Check Pods Manifest.lock */ = {
			isa = PBXShellScriptBuildPhase;
			buildActionMask = 2147483647;
			files = (
			);
			inputPaths = (
				"${PODS_PODFILE_DIR_PATH}/Podfile.lock",
				"${PODS_ROOT}/Manifest.lock",
			);
			name = "[CP] Check Pods Manifest.lock";
			outputPaths = (
				"$(DERIVED_FILE_DIR)/Pods-ASBasicUIAnimation-checkManifestLockResult.txt",
			);
			runOnlyForDeploymentPostprocessing = 0;
			shellPath = /bin/sh;
			shellScript = "diff \"${PODS_PODFILE_DIR_PATH}/Podfile.lock\" \"${PODS_ROOT}/Manifest.lock\" > /dev/null\nif [ $? != 0 ] ; then\n    # print error to STDERR\n    echo \"error: The sandbox is not in sync with the Podfile.lock. Run 'pod install' or update your CocoaPods installation.\" >&2\n    exit 1\nfi\n# This output is used by Xcode 'outputs' to avoid re-running this script phase.\necho \"SUCCESS\" > \"${SCRIPT_OUTPUT_FILE_0}\"\n";
			showEnvVarsInLog = 0;
		};
		C4123816B33705264C3B9F67 /* [CP] Copy Pods Resources */ = {
			isa = PBXShellScriptBuildPhase;
			buildActionMask = 2147483647;
			files = (
			);
			inputPaths = (
			);
			name = "[CP] Copy Pods Resources";
			outputPaths = (
			);
			runOnlyForDeploymentPostprocessing = 0;
			shellPath = /bin/sh;
			shellScript = "\"${SRCROOT}/Pods/Target Support Files/Pods-ASBasicUIAnimation/Pods-ASBasicUIAnimation-resources.sh\"\n";
			showEnvVarsInLog = 0;
		};
/* End PBXShellScriptBuildPhase section */

/* Begin PBXSourcesBuildPhase section */
		E8B0292A1F77C5050004A345 /* Sources */ = {
			isa = PBXSourcesBuildPhase;
			buildActionMask = 2147483647;
			files = (
				E8B029361F77C5050004A345 /* ViewController.m in Sources */,
				E8B029411F77C5050004A345 /* main.m in Sources */,
				E8B029331F77C5050004A345 /* AppDelegate.m in Sources */,
			);
			runOnlyForDeploymentPostprocessing = 0;
		};
/* End PBXSourcesBuildPhase section */

/* Begin PBXVariantGroup section */
		E8B029371F77C5050004A345 /* Main.storyboard */ = {
			isa = PBXVariantGroup;
			children = (
				E8B029381F77C5050004A345 /* Base */,
			);
			name = Main.storyboard;
			sourceTree = "<group>";
		};
		E8B0293C1F77C5050004A345 /* LaunchScreen.storyboard */ = {
			isa = PBXVariantGroup;
			children = (
				E8B0293D1F77C5050004A345 /* Base */,
			);
			name = LaunchScreen.storyboard;
			sourceTree = "<group>";
		};
/* End PBXVariantGroup section */

/* Begin XCBuildConfiguration section */
		E8B029421F77C5050004A345 /* Debug */ = {
			isa = XCBuildConfiguration;
			buildSettings = {
				ALWAYS_SEARCH_USER_PATHS = NO;
				CLANG_ANALYZER_NONNULL = YES;
				CLANG_ANALYZER_NUMBER_OBJECT_CONVERSION = YES_AGGRESSIVE;
				CLANG_CXX_LANGUAGE_STANDARD = "gnu++14";
				CLANG_CXX_LIBRARY = "libc++";
				CLANG_ENABLE_MODULES = YES;
				CLANG_ENABLE_OBJC_ARC = YES;
				CLANG_WARN_BLOCK_CAPTURE_AUTORELEASING = YES;
				CLANG_WARN_BOOL_CONVERSION = YES;
				CLANG_WARN_COMMA = YES;
				CLANG_WARN_CONSTANT_CONVERSION = YES;
				CLANG_WARN_DIRECT_OBJC_ISA_USAGE = YES_ERROR;
				CLANG_WARN_DOCUMENTATION_COMMENTS = YES;
				CLANG_WARN_EMPTY_BODY = YES;
				CLANG_WARN_ENUM_CONVERSION = YES;
				CLANG_WARN_INFINITE_RECURSION = YES;
				CLANG_WARN_INT_CONVERSION = YES;
				CLANG_WARN_NON_LITERAL_NULL_CONVERSION = YES;
				CLANG_WARN_OBJC_LITERAL_CONVERSION = YES;
				CLANG_WARN_OBJC_ROOT_CLASS = YES_ERROR;
				CLANG_WARN_RANGE_LOOP_ANALYSIS = YES;
				CLANG_WARN_STRICT_PROTOTYPES = YES;
				CLANG_WARN_SUSPICIOUS_MOVE = YES;
				CLANG_WARN_UNGUARDED_AVAILABILITY = YES_AGGRESSIVE;
				CLANG_WARN_UNREACHABLE_CODE = YES;
				CLANG_WARN__DUPLICATE_METHOD_MATCH = YES;
				CODE_SIGN_IDENTITY = "iPhone Developer";
				COPY_PHASE_STRIP = NO;
				DEBUG_INFORMATION_FORMAT = dwarf;
				ENABLE_STRICT_OBJC_MSGSEND = YES;
				ENABLE_TESTABILITY = YES;
				GCC_C_LANGUAGE_STANDARD = gnu11;
				GCC_DYNAMIC_NO_PIC = NO;
				GCC_NO_COMMON_BLOCKS = YES;
				GCC_OPTIMIZATION_LEVEL = 0;
				GCC_PREPROCESSOR_DEFINITIONS = (
					"DEBUG=1",
					"$(inherited)",
				);
				GCC_WARN_64_TO_32_BIT_CONVERSION = YES;
				GCC_WARN_ABOUT_RETURN_TYPE = YES_ERROR;
				GCC_WARN_UNDECLARED_SELECTOR = YES;
				GCC_WARN_UNINITIALIZED_AUTOS = YES_AGGRESSIVE;
				GCC_WARN_UNUSED_FUNCTION = YES;
				GCC_WARN_UNUSED_VARIABLE = YES;
				IPHONEOS_DEPLOYMENT_TARGET = 11.0;
				MTL_ENABLE_DEBUG_INFO = YES;
				ONLY_ACTIVE_ARCH = YES;
				SDKROOT = iphoneos;
			};
			name = Debug;
		};
		E8B029431F77C5050004A345 /* Release */ = {
			isa = XCBuildConfiguration;
			buildSettings = {
				ALWAYS_SEARCH_USER_PATHS = NO;
				CLANG_ANALYZER_NONNULL = YES;
				CLANG_ANALYZER_NUMBER_OBJECT_CONVERSION = YES_AGGRESSIVE;
				CLANG_CXX_LANGUAGE_STANDARD = "gnu++14";
				CLANG_CXX_LIBRARY = "libc++";
				CLANG_ENABLE_MODULES = YES;
				CLANG_ENABLE_OBJC_ARC = YES;
				CLANG_WARN_BLOCK_CAPTURE_AUTORELEASING = YES;
				CLANG_WARN_BOOL_CONVERSION = YES;
				CLANG_WARN_COMMA = YES;
				CLANG_WARN_CONSTANT_CONVERSION = YES;
				CLANG_WARN_DIRECT_OBJC_ISA_USAGE = YES_ERROR;
				CLANG_WARN_DOCUMENTATION_COMMENTS = YES;
				CLANG_WARN_EMPTY_BODY = YES;
				CLANG_WARN_ENUM_CONVERSION = YES;
				CLANG_WARN_INFINITE_RECURSION = YES;
				CLANG_WARN_INT_CONVERSION = YES;
				CLANG_WARN_NON_LITERAL_NULL_CONVERSION = YES;
				CLANG_WARN_OBJC_LITERAL_CONVERSION = YES;
				CLANG_WARN_OBJC_ROOT_CLASS = YES_ERROR;
				CLANG_WARN_RANGE_LOOP_ANALYSIS = YES;
				CLANG_WARN_STRICT_PROTOTYPES = YES;
				CLANG_WARN_SUSPICIOUS_MOVE = YES;
				CLANG_WARN_UNGUARDED_AVAILABILITY = YES_AGGRESSIVE;
				CLANG_WARN_UNREACHABLE_CODE = YES;
				CLANG_WARN__DUPLICATE_METHOD_MATCH = YES;
				CODE_SIGN_IDENTITY = "iPhone Developer";
				COPY_PHASE_STRIP = NO;
				DEBUG_INFORMATION_FORMAT = "dwarf-with-dsym";
				ENABLE_NS_ASSERTIONS = NO;
				ENABLE_STRICT_OBJC_MSGSEND = YES;
				GCC_C_LANGUAGE_STANDARD = gnu11;
				GCC_NO_COMMON_BLOCKS = YES;
				GCC_WARN_64_TO_32_BIT_CONVERSION = YES;
				GCC_WARN_ABOUT_RETURN_TYPE = YES_ERROR;
				GCC_WARN_UNDECLARED_SELECTOR = YES;
				GCC_WARN_UNINITIALIZED_AUTOS = YES_AGGRESSIVE;
				GCC_WARN_UNUSED_FUNCTION = YES;
				GCC_WARN_UNUSED_VARIABLE = YES;
				IPHONEOS_DEPLOYMENT_TARGET = 11.0;
				MTL_ENABLE_DEBUG_INFO = NO;
				SDKROOT = iphoneos;
				VALIDATE_PRODUCT = YES;
			};
			name = Release;
		};
		E8B029451F77C5050004A345 /* Debug */ = {
			isa = XCBuildConfiguration;
			baseConfigurationReference = D6528C98355498E5E1147CEA /* Pods-ASBasicUIAnimation.debug.xcconfig */;
			buildSettings = {
				ASSETCATALOG_COMPILER_APPICON_NAME = AppIcon;
				CODE_SIGN_STYLE = Automatic;
				DEVELOPMENT_TEAM = 2322UT7HH9;
				INFOPLIST_FILE = ASBasicUIAnimation/Info.plist;
				LD_RUNPATH_SEARCH_PATHS = "$(inherited) @executable_path/Frameworks";
				PRODUCT_BUNDLE_IDENTIFIER = zkhCreator.ASBasicUIAnimation;
				PRODUCT_NAME = "$(TARGET_NAME)";
				TARGETED_DEVICE_FAMILY = "1,2";
			};
			name = Debug;
		};
		E8B029461F77C5050004A345 /* Release */ = {
			isa = XCBuildConfiguration;
			baseConfigurationReference = EC7C839EBD16651119C4E01A /* Pods-ASBasicUIAnimation.release.xcconfig */;
			buildSettings = {
				ASSETCATALOG_COMPILER_APPICON_NAME = AppIcon;
				CODE_SIGN_STYLE = Automatic;
				DEVELOPMENT_TEAM = 2322UT7HH9;
				INFOPLIST_FILE = ASBasicUIAnimation/Info.plist;
				LD_RUNPATH_SEARCH_PATHS = "$(inherited) @executable_path/Frameworks";
				PRODUCT_BUNDLE_IDENTIFIER = zkhCreator.ASBasicUIAnimation;
				PRODUCT_NAME = "$(TARGET_NAME)";
				TARGETED_DEVICE_FAMILY = "1,2";
			};
			name = Release;
		};
/* End XCBuildConfiguration section */

/* Begin XCConfigurationList section */
		E8B029291F77C5050004A345 /* Build configuration list for PBXProject "ASBasicUIAnimation" */ = {
			isa = XCConfigurationList;
			buildConfigurations = (
				E8B029421F77C5050004A345 /* Debug */,
				E8B029431F77C5050004A345 /* Release */,
			);
			defaultConfigurationIsVisible = 0;
			defaultConfigurationName = Release;
		};
		E8B029441F77C5050004A345 /* Build configuration list for PBXNativeTarget "ASBasicUIAnimation" */ = {
			isa = XCConfigurationList;
			buildConfigurations = (
				E8B029451F77C5050004A345 /* Debug */,
				E8B029461F77C5050004A345 /* Release */,
			);
			defaultConfigurationIsVisible = 0;
			defaultConfigurationName = Release;
		};
/* End XCConfigurationList section */
	};
	rootObject = E8B029261F77C5050004A345 /* Project object */;
}
